# THIS IS AN AUTOGENERATED FILE. DO NOT EDIT THIS FILE DIRECTLY.
# yarn lockfile v1


"@ma.vu/htdp@^0.0.1":
  version "0.0.1"
  resolved "https://registry.yarnpkg.com/@ma.vu/htdp/-/htdp-0.0.1.tgz#665e9ed16c5c835cb4f92bae8d8f9b1771bb7bca"
  integrity sha512-STknPO8tNdXrAML8jfb+s2DdKf6vM1TSKuomxwU4xnvErw1fUtQUgnCoXVKiADLko9mJCFLKXQKe4e321rpckQ==
